
Microsoft Visual Studio Solution File, Format Version 12.00
# Visual Studio 15
VisualStudioVersion = 15.0.28307.572
MinimumVisualStudioVersion = 10.0.40219.1
Project("{FAE04EC0-301F-11D3-BF4B-00C04F79EFBC}") = "TrackerLibrary", "TournamentTracker\TrackerLibrary.csproj", "{0B831A4D-C4B1-4292-9DC3-835C9E9BE0B2}"
EndProject
Project("{FAE04EC0-301F-11D3-BF4B-00C04F79EFBC}") = "TrackerUI", "WindowsFormsApp1\TrackerUI.csproj", "{46D2ECB3-9B10-4616-A0BC-B91109DD60A5}"
EndProject
Global
	GlobalSection(SolutionConfigurationPlatforms) = preSolution
		Debug|Any CPU = Debug|Any CPU
		Release|Any CPU = Release|Any CPU
	EndGlobalSection
	GlobalSection(ProjectConfigurationPlatforms) = postSolution
		{0B831A4D-C4B1-4292-9DC3-835C9E9BE0B2}.Debug|Any CPU.ActiveCfg = Debug|Any CPU
		{0B831A4D-C4B1-4292-9DC3-835C9E9BE0B2}.Debug|Any CPU.Build.0 = Debug|Any CPU
		{0B831A4D-C4B1-4292-9DC3-835C9E9BE0B2}.Release|Any CPU.ActiveCfg = Release|Any CPU
		{0B831A4D-C4B1-4292-9DC3-835C9E9BE0B2}.Release|Any CPU.Build.0 = Release|Any CPU
		{46D2ECB3-9B10-4616-A0BC-B91109DD60A5}.Debug|Any CPU.ActiveCfg = Debug|Any CPU
		{46D2ECB3-9B10-4616-A0BC-B91109DD60A5}.Debug|Any CPU.Build.0 = Debug|Any CPU
		{46D2ECB3-9B10-4616-A0BC-B91109DD60A5}.Release|Any CPU.ActiveCfg = Release|Any CPU
		{46D2ECB3-9B10-4616-A0BC-B91109DD60A5}.Release|Any CPU.Build.0 = Release|Any CPU
	EndGlobalSection
	GlobalSection(SolutionProperties) = preSolution
		HideSolutionNode = FALSE
	EndGlobalSection
	GlobalSection(ExtensibilityGlobals) = postSolution
		SolutionGuid = {BB03079C-F88E-4CC6-A2EC-25B31E636D9A}
	EndGlobalSection
EndGlobal
